{
  "name": "node-auth",
  "version": "1.0.0",
  "lockfileVersion": 1,
  "requires": true,
  "dependencies": {
    "aws-sdk": {
      "version": "2.553.0",
      "resolved": "https://registry.npmjs.org/aws-sdk/-/aws-sdk-2.553.0.tgz",
      "integrity": "sha512-tcITF/3ijBumvP13Qrq/VB1eRWW6szKF0xVwZ/ch0MGkaEiTQ9n3zNRPtQc1drllsVEm5u5aXp3inoi5zmq0xg=="
    },
    "bcrypt-nodejs": {
      "version": "0.0.3",
      "resolved": "https://registry.npmjs.org/bcrypt-nodejs/-/bcrypt-nodejs-0.0.3.tgz",
      "integrity": "sha1-xgkX8m3CNWYVZsaBBhwwPCsohCs="
    },
    "body-parser": {
      "version": "1.19.0",
      "resolved": "https://registry.npmjs.org/body-parser/-/body-parser-1.19.0.tgz",
      "integrity": "sha512-dhEPs72UPbDnAQJ9ZKMNTP6ptJaionhP5cBb541nXPlW60Jepo9RV/a4fX4XWW9CuFNK22krhrj1+rgzifNCsw=="
    },
    "bug-killer": {
      "version": "4.4.4",
      "resolved": "https://registry.npmjs.org/bug-killer/-/bug-killer-4.4.4.tgz",
      "integrity": "sha1-luAyK5Q3orBnLXiqzR7SvvEflFo="
    },
    "busboy-body-parser": {
      "version": "0.3.2",
      "resolved": "https://registry.npmjs.org/busboy-body-parser/-/busboy-body-parser-0.3.2.tgz",
      "integrity": "sha512-4Y69aQnNZ0LMBGnPGyDaaT6K5wDmsc6GfV3kNSgrzhnn+kf9+9pRI3xIxn7fMQ9lHrhG4RQau6leRV0WUA8Ogg==",
      "dependencies": {
        "bytes": {
          "version": "2.5.0",
          "resolved": "https://registry.npmjs.org/bytes/-/bytes-2.5.0.tgz",
          "integrity": "sha1-TJQj6i0lLCcMQbK97+/5u2tiwGo="
        }
      }
    },
    "cors": {
      "version": "2.8.5",
      "resolved": "https://registry.npmjs.org/cors/-/cors-2.8.5.tgz",
      "integrity": "sha512-KIHbLJqu73RGr/hnbrO9uBeixNGuvSQjul/jdFvS/KFSIH1hWVd1ng7zOHx+YrEfInLG7q4n6GHQ9cDtxv/P6g=="
    },
    "express": {
      "version": "4.17.1",
      "resolved": "https://registry.npmjs.org/express/-/express-4.17.1.tgz",
      "integrity": "sha512-mHJ9O79RqluphRrcw2X/GTh3k9tVv8YcoyY4Kkh4WDMUYKRZUq0h1o0w2rrrxBqM7VoeUVqgb27xlEMXTnYt4g==",
      "dependencies": {
        "safe-buffer": {
          "version": "5.1.2",
          "resolved": "https://registry.npmjs.org/safe-buffer/-/safe-buffer-5.1.2.tgz",
          "integrity": "sha512-Gd2UZBJDkXlY7GbJxfsE8/nvKkUEU1G38c1siN6QP6a9PT9MmHB8GnpscSmMJSoF8LOIrt8ud/wPtojys4G6+g=="
        }
      }
    },
    "jwt-simple": {
      "version": "0.5.6",
      "resolved": "https://registry.npmjs.org/jwt-simple/-/jwt-simple-0.5.6.tgz",
      "integrity": "sha512-40aUybvhH9t2h71ncA1/1SbtTNCVZHgsTsTgqPUxGWDmUDrXyDf2wMNQKEbdBjbf4AI+fQhbECNTV6lWxQKUzg=="
    },
    "lien": {
      "version": "1.6.1",
      "resolved": "https://registry.npmjs.org/lien/-/lien-1.6.1.tgz",
      "integrity": "sha1-rb4NroiFWwwtvs9pFIQJ+CZpO80=",
      "dependencies": {
        "isarray": {
          "version": "0.0.1",
          "resolved": "https://registry.npmjs.org/isarray/-/isarray-0.0.1.tgz",
          "integrity": "sha1-ihis/Kmo9Bd+Cav8YDiTmwXR7t8="
        },
        "path-to-regexp": {
          "version": "1.7.0",
          "resolved": "https://registry.npmjs.org/path-to-regexp/-/path-to-regexp-1.7.0.tgz",
          "integrity": "sha1-Wf3g9DW62suhA6hOnTvGTpa5k30="
        }
      }
    },
    "mongoose": {
      "version": "5.7.5",
      "resolved": "https://registry.npmjs.org/mongoose/-/mongoose-5.7.5.tgz",
      "integrity": "sha512-BZ4FxtnbTurc/wcm/hLltLdI4IDxo4nsE0D9q58YymTdZwreNzwO62CcjVtaHhmr8HmJtOInp2W/T12FZaMf8g==",
      "requires": {
        "bson": "~1.1.1",
        "kareem": "2.3.1",
        "mongodb": "3.3.2",
        "mongoose-legacy-pluralize": "1.0.2",
        "mpath": "0.6.0",
        "mquery": "3.2.2",
        "ms": "2.1.2",
        "regexp-clone": "1.0.0",
        "safe-buffer": "5.1.2",
        "sift": "7.0.1",
        "sliced": "1.0.1"
      },
      "dependencies": {
        "bluebird": {
          "version": "3.5.1",
          "resolved": "https://registry.npmjs.org/bluebird/-/bluebird-3.5.1.tgz",
          "integrity": "sha512-MKiLiV+I1AA596t9w1sQJ8jkiSr5+ZKi0WKrYGUn6d1Fx+Ij4tIj+m2WMQSGczs5jZVxV339chE8iwk6F64wjA=="
        },
        "bson": {
          "version": "1.1.1",
          "resolved": "https://registry.npmjs.org/bson/-/bson-1.1.1.tgz",
          "integrity": "sha512-jCGVYLoYMHDkOsbwJZBCqwMHyH4c+wzgI9hG7Z6SZJRXWr+x58pdIbm2i9a/jFGCkRJqRUr8eoI7lDWa0hTkxg=="
        },
        "debug": {
          "version": "3.1.0",
          "resolved": "https://registry.npmjs.org/debug/-/debug-3.1.0.tgz",
          "integrity": "sha512-OX8XqP7/1a9cqkxYw2yXss15f26NKWBpDXQd0/uK/KPqdQhxbPa994hnzjcE2VqQpDslf55723cKPUOGSmMY3g==",
          "requires": {
            "ms": "2.0.0"
          },
          "dependencies": {
            "ms": {
              "version": "2.0.0",
              "resolved": "https://registry.npmjs.org/ms/-/ms-2.0.0.tgz",
              "integrity": "sha1-VgiurfwAvmwpAd9fmGF4jeDVl8g="
            }
          }
        },
        "kareem": {
          "version": "2.3.1",
          "resolved": "https://registry.npmjs.org/kareem/-/kareem-2.3.1.tgz",
          "integrity": "sha512-l3hLhffs9zqoDe8zjmb/mAN4B8VT3L56EUvKNqLFVs9YlFA+zx7ke1DO8STAdDyYNkeSo1nKmjuvQeI12So8Xw=="
        },
        "mongodb": {
          "version": "3.3.2",
          "resolved": "https://registry.npmjs.org/mongodb/-/mongodb-3.3.2.tgz",
          "integrity": "sha512-fqJt3iywelk4yKu/lfwQg163Bjpo5zDKhXiohycvon4iQHbrfflSAz9AIlRE6496Pm/dQKQK5bMigdVo2s6gBg==",
          "requires": {
            "bson": "^1.1.1",
            "require_optional": "^1.0.1",
            "safe-buffer": "^5.1.2"
          }
        },
        "mpath": {
          "version": "0.6.0",
          "resolved": "https://registry.npmjs.org/mpath/-/mpath-0.6.0.tgz",
          "integrity": "sha512-i75qh79MJ5Xo/sbhxrDrPSEG0H/mr1kcZXJ8dH6URU5jD/knFxCVqVC/gVSW7GIXL/9hHWlT9haLbCXWOll3qw=="
        },
        "mquery": {
          "version": "3.2.2",
          "resolved": "https://registry.npmjs.org/mquery/-/mquery-3.2.2.tgz",
          "integrity": "sha512-XB52992COp0KP230I3qloVUbkLUxJIu328HBP2t2EsxSFtf4W1HPSOBWOXf1bqxK4Xbb66lfMJ+Bpfd9/yZE1Q==",
          "requires": {
            "bluebird": "3.5.1",
            "debug": "3.1.0",
            "regexp-clone": "^1.0.0",
            "safe-buffer": "5.1.2",
            "sliced": "1.0.1"
          }
        },
        "ms": {
          "version": "2.1.2",
          "resolved": "https://registry.npmjs.org/ms/-/ms-2.1.2.tgz",
          "integrity": "sha512-sGkPx+VjMtmA6MX27oA4FBFELFCZZ4S4XqeGOXCv68tT+jb3vk/RyaKWP0PTKyWtmLSM0b+adUTEvbs1PEaH2w=="
        },
        "regexp-clone": {
          "version": "1.0.0",
          "resolved": "https://registry.npmjs.org/regexp-clone/-/regexp-clone-1.0.0.tgz",
          "integrity": "sha512-TuAasHQNamyyJ2hb97IuBEif4qBHGjPHBS64sZwytpLEqtBQ1gPJTnOaQ6qmpET16cK14kkjbazl6+p0RRv0yw=="
        },
        "safe-buffer": {
          "version": "5.1.2",
          "resolved": "https://registry.npmjs.org/safe-buffer/-/safe-buffer-5.1.2.tgz",
          "integrity": "sha512-Gd2UZBJDkXlY7GbJxfsE8/nvKkUEU1G38c1siN6QP6a9PT9MmHB8GnpscSmMJSoF8LOIrt8ud/wPtojys4G6+g=="
        }
      }
    },
    "mongoose-legacy-pluralize": {
      "version": "1.0.2",
      "resolved": "https://registry.npmjs.org/mongoose-legacy-pluralize/-/mongoose-legacy-pluralize-1.0.2.tgz",
      "integrity": "sha512-Yo/7qQU4/EyIS8YDFSeenIvXxZN+ld7YdV9LqFVQJzTLye8unujAWPZ4NWKfFA+RNjh+wvTWKY9Z3E5XM6ZZiQ=="
    },
    "morgan": {
      "version": "1.9.1",
      "resolved": "https://registry.npmjs.org/morgan/-/morgan-1.9.1.tgz",
      "integrity": "sha512-HQStPIV4y3afTiCYVxirakhlCfGkI161c76kKFca7Fk1JusM//Qeo1ej2XaMniiNeaZklMVrh3vTtIzpzwbpmA=="
    },
    "nodemon": {
      "version": "1.19.4",
      "resolved": "https://registry.npmjs.org/nodemon/-/nodemon-1.19.4.tgz",
      "integrity": "sha512-VGPaqQBNk193lrJFotBU8nvWZPqEZY2eIzymy2jjY0fJ9qIsxA0sxQ8ATPl0gZC645gijYEc1jtZvpS8QWzJGQ==",
      "dependencies": {
        "debug": {
          "version": "3.2.6",
          "resolved": "https://registry.npmjs.org/debug/-/debug-3.2.6.tgz",
          "integrity": "sha512-mel+jf7nrtEl5Pn1Qx46zARXKDpBbvzezse7p7LqINmdoIk8PYP5SySaxEmYv6TZ0JyEKA1hsCId6DIhgITtWQ=="
        },
        "has-flag": {
          "version": "3.0.0",
          "resolved": "https://registry.npmjs.org/has-flag/-/has-flag-3.0.0.tgz",
          "integrity": "sha1-tdRU3CGZriJWmfNGfloH87lVuv0="
        },
        "ms": {
          "version": "2.1.2",
          "resolved": "https://registry.npmjs.org/ms/-/ms-2.1.2.tgz",
          "integrity": "sha512-sGkPx+VjMtmA6MX27oA4FBFELFCZZ4S4XqeGOXCv68tT+jb3vk/RyaKWP0PTKyWtmLSM0b+adUTEvbs1PEaH2w=="
        },
        "supports-color": {
          "version": "5.5.0",
          "resolved": "https://registry.npmjs.org/supports-color/-/supports-color-5.5.0.tgz",
          "integrity": "sha512-QjVjwdXIt408MIiAqCX4oUKsgU2EqAGzs2Ppkm4aQYbjm+ZEWEcW4SfFNTr4uMNZma0ey4f5lgLrkB0aX0QMow=="
        }
      }
    },
    "opn": {
      "version": "4.0.2",
      "resolved": "https://registry.npmjs.org/opn/-/opn-4.0.2.tgz",
      "integrity": "sha1-erwi5kTf9jsKltWrfyeQwPAavJU="
    },
    "passport": {
      "version": "0.3.2",
      "resolved": "https://registry.npmjs.org/passport/-/passport-0.3.2.tgz",
      "integrity": "sha1-ndAJ+RXo/glbASSgG4+C2gdRAQI="
    },
    "passport-jwt": {
      "version": "2.2.1",
      "resolved": "https://registry.npmjs.org/passport-jwt/-/passport-jwt-2.2.1.tgz",
      "integrity": "sha1-DgBMlAcTGdZz2dm8/RV0qGgBFSc="
    },
    "passport-local": {
      "version": "1.0.0",
      "resolved": "https://registry.npmjs.org/passport-local/-/passport-local-1.0.0.tgz",
      "integrity": "sha1-H+YyaMkudWBmJkN+O5BmYsFbpu4="
    },
    "pretty-bytes": {
      "version": "3.0.1",
      "resolved": "https://registry.npmjs.org/pretty-bytes/-/pretty-bytes-3.0.1.tgz",
      "integrity": "sha1-J9AAjXeAY6C0gRuzXHnxvV1fvM8="
    },
    "r-json": {
      "version": "1.2.9",
      "resolved": "https://registry.npmjs.org/r-json/-/r-json-1.2.9.tgz",
      "integrity": "sha512-E5u25XBE7PpZmH5XwtthAmNvSLMTygDQMpcPtCTUBdvwPaqgIYJrxlRQJhG55Sgz7uC0Tuyh5nqNrsDT3uiefA=="
    },
    "require_optional": {
      "version": "1.0.1",
      "resolved": "https://registry.npmjs.org/require_optional/-/require_optional-1.0.1.tgz",
      "integrity": "sha512-qhM/y57enGWHAe3v/NcwML6a3/vfESLe/sGM2dII+gEO0BpKRUkWZow/tyloNqJyN6kXSl3RyyM8Ll5D/sJP8g=="
    },
    "sift": {
      "version": "7.0.1",
      "resolved": "https://registry.npmjs.org/sift/-/sift-7.0.1.tgz",
      "integrity": "sha512-oqD7PMJ+uO6jV9EQCl0LrRw1OwsiPsiFQR5AR30heR+4Dl7jBBbDLnNvWiak20tzZlSE1H7RB30SX/1j/YYT7g=="
    },
    "sliced": {
      "version": "1.0.1",
      "resolved": "https://registry.npmjs.org/sliced/-/sliced-1.0.1.tgz",
      "integrity": "sha1-CzpmK10Ewxd7GSa+qCsD+Dei70E="
    },
    "youtube-api": {
      "version": "2.0.10",
      "resolved": "https://registry.npmjs.org/youtube-api/-/youtube-api-2.0.10.tgz",
      "integrity": "sha512-2TxQYCO6mUmMLMRNvtwsmTROSRf0/oJFfw4y5c0LizIoTO8OmNvy7EkUmRoE9x1rY19r0KIhN6gheKTEt/oA5A=="
    },
    "youtube-video-api": {
      "version": "0.3.7",
      "resolved": "https://registry.npmjs.org/youtube-video-api/-/youtube-video-api-0.3.7.tgz",
      "integrity": "sha1-qMM2GCofMRMol8AZLmMJmB44ves=",
      "dependencies": {
        "asn1": {
          "version": "0.1.11",
          "resolved": "https://registry.npmjs.org/asn1/-/asn1-0.1.11.tgz",
          "integrity": "sha1-VZvhg3bQik7E2+gId9J4GGObLfc="
        },
        "assert-plus": {
          "version": "0.1.5",
          "resolved": "https://registry.npmjs.org/assert-plus/-/assert-plus-0.1.5.tgz",
          "integrity": "sha1-7nQAlBMALYTOxyGcasgRgS5yMWA="
        },
        "async": {
          "version": "0.9.2",
          "resolved": "https://registry.npmjs.org/async/-/async-0.9.2.tgz",
          "integrity": "sha1-rqdNXmHB+JlhO/ZL2mbUx48v0X0="
        },
        "aws-sign2": {
          "version": "0.5.0",
          "resolved": "https://registry.npmjs.org/aws-sign2/-/aws-sign2-0.5.0.tgz",
          "integrity": "sha1-xXED96F/wDfwLXwuZLYC6iI/fWM="
        },
        "bl": {
          "version": "0.9.5",
          "resolved": "https://registry.npmjs.org/bl/-/bl-0.9.5.tgz",
          "integrity": "sha1-wGt5evCF6gC8Unr8jvzxHeIjIFQ="
        },
        "boom": {
          "version": "0.4.2",
          "resolved": "https://registry.npmjs.org/boom/-/boom-0.4.2.tgz",
          "integrity": "sha1-emNune1O/O+xnO9JR6PGffrukRs="
        },
        "caseless": {
          "version": "0.8.0",
          "resolved": "https://registry.npmjs.org/caseless/-/caseless-0.8.0.tgz",
          "integrity": "sha1-W8oogdQUN/VLJAfr40iIx7mtT30="
        },
        "combined-stream": {
          "version": "0.0.7",
          "resolved": "https://registry.npmjs.org/combined-stream/-/combined-stream-0.0.7.tgz",
          "integrity": "sha1-ATfmV7qlp1QcV6w3rF/AfXO03B8="
        },
        "cryptiles": {
          "version": "0.2.2",
          "resolved": "https://registry.npmjs.org/cryptiles/-/cryptiles-0.2.2.tgz",
          "integrity": "sha1-7ZH/HxetE9N0gohZT4pIoNJvMlw="
        },
        "delayed-stream": {
          "version": "0.0.5",
          "resolved": "https://registry.npmjs.org/delayed-stream/-/delayed-stream-0.0.5.tgz",
          "integrity": "sha1-1LH0OpPoKW3+AmlPRoC8N6MTxz8="
        },
        "forever-agent": {
          "version": "0.5.2",
          "resolved": "https://registry.npmjs.org/forever-agent/-/forever-agent-0.5.2.tgz",
          "integrity": "sha1-bQ4JxJIflKJ/Y9O0nF/v8epMUTA="
        },
        "form-data": {
          "version": "0.2.0",
          "resolved": "https://registry.npmjs.org/form-data/-/form-data-0.2.0.tgz",
          "integrity": "sha1-Jvi8JtpkQOKZy9z7aQNcT3em5GY=",
          "dependencies": {
            "mime-types": {
              "version": "2.0.14",
              "resolved": "https://registry.npmjs.org/mime-types/-/mime-types-2.0.14.tgz",
              "integrity": "sha1-MQ4VnbI+B3+Lsit0jav6SVcUCqY="
            }
          }
        },
        "googleapis": {
          "version": "1.1.5",
          "resolved": "https://registry.npmjs.org/googleapis/-/googleapis-1.1.5.tgz",
          "integrity": "sha1-4QFQrJ6LJftReZ8Q7ZRsW5+AZKo="
        },
        "hawk": {
          "version": "1.1.1",
          "resolved": "https://registry.npmjs.org/hawk/-/hawk-1.1.1.tgz",
          "integrity": "sha1-h81JH5tG5OKurKM1QWdmiF0tHtk="
        },
        "hoek": {
          "version": "0.9.1",
          "resolved": "https://registry.npmjs.org/hoek/-/hoek-0.9.1.tgz",
          "integrity": "sha1-PTIkYrrfB3Fup+uFuviAec3c5QU="
        },
        "http-signature": {
          "version": "0.10.1",
          "resolved": "https://registry.npmjs.org/http-signature/-/http-signature-0.10.1.tgz",
          "integrity": "sha1-T72sEyVZqoMjEh5UB3nAoBKyfmY="
        },
        "isarray": {
          "version": "0.0.1",
          "resolved": "https://registry.npmjs.org/isarray/-/isarray-0.0.1.tgz",
          "integrity": "sha1-ihis/Kmo9Bd+Cav8YDiTmwXR7t8="
        },
        "mime-db": {
          "version": "1.12.0",
          "resolved": "https://registry.npmjs.org/mime-db/-/mime-db-1.12.0.tgz",
          "integrity": "sha1-PQxjGA9FjrENMlqqN9fFiuMS6dc="
        },
        "mime-types": {
          "version": "1.0.2",
          "resolved": "https://registry.npmjs.org/mime-types/-/mime-types-1.0.2.tgz",
          "integrity": "sha1-mVrhOSq4r/y/yyZB3QVOlDwNXc4="
        },
        "node-uuid": {
          "version": "1.4.8",
          "resolved": "https://registry.npmjs.org/node-uuid/-/node-uuid-1.4.8.tgz",
          "integrity": "sha1-sEDrCSOWivq/jTL7HxfxFn/auQc="
        },
        "oauth-sign": {
          "version": "0.5.0",
          "resolved": "https://registry.npmjs.org/oauth-sign/-/oauth-sign-0.5.0.tgz",
          "integrity": "sha1-12f1FpMlYg6rLgh+8MRy53PbZGE="
        },
        "qs": {
          "version": "2.3.3",
          "resolved": "https://registry.npmjs.org/qs/-/qs-2.3.3.tgz",
          "integrity": "sha1-6eha2+ddoLvkyOBHaghikPhjtAQ="
        },
        "readable-stream": {
          "version": "1.0.34",
          "resolved": "https://registry.npmjs.org/readable-stream/-/readable-stream-1.0.34.tgz",
          "integrity": "sha1-Elgg40vIQtLyqq+v5MKRbuMsFXw="
        },
        "request": {
          "version": "2.51.0",
          "resolved": "https://registry.npmjs.org/request/-/request-2.51.0.tgz",
          "integrity": "sha1-NdALvswBLlX5B7G9ng29V3v+8m4="
        },
        "sntp": {
          "version": "0.2.4",
          "resolved": "https://registry.npmjs.org/sntp/-/sntp-0.2.4.tgz",
          "integrity": "sha1-+4hfGLDzqtGJ+CSGJTa87ux1CQA="
        },
        "string-template": {
          "version": "0.2.1",
          "resolved": "https://registry.npmjs.org/string-template/-/string-template-0.2.1.tgz",
          "integrity": "sha1-QpMuWYo1LQH8IuwzZ9nYTuxsmt0="
        },
        "string_decoder": {
          "version": "0.10.31",
          "resolved": "https://registry.npmjs.org/string_decoder/-/string_decoder-0.10.31.tgz",
          "integrity": "sha1-YuIDvEF2bGwoyfyEMB2rHFMQ+pQ="
        }
      }
    }
  }
}
